
Microsoft Visual Studio Solution File, Format Version 12.00
# Visual Studio Version 17
VisualStudioVersion = 17.2.32602.215
MinimumVisualStudioVersion = 10.0.40219.1
Project("{FAE04EC0-301F-11D3-BF4B-00C04F79EFBC}") = "DemoApp", "DemoApp.csproj", "{E4AC0787-6DF7-47C4-8EBB-88F05DF6ED16}"
EndProject
Global
	GlobalSection(SolutionConfigurationPlatforms) = preSolution
		Debug|Any CPU = Debug|Any CPU
		Release|Any CPU = Release|Any CPU
	EndGlobalSection
	GlobalSection(ProjectConfigurationPlatforms) = postSolution
		{E4AC0787-6DF7-47C4-8EBB-88F05DF6ED16}.Debug|Any CPU.ActiveCfg = Debug|Any CPU
		{E4AC0787-6DF7-47C4-8EBB-88F05DF6ED16}.Debug|Any CPU.Build.0 = Debug|Any CPU
		{E4AC0787-6DF7-47C4-8EBB-88F05DF6ED16}.Release|Any CPU.ActiveCfg = Release|Any CPU
		{E4AC0787-6DF7-47C4-8EBB-88F05DF6ED16}.Release|Any CPU.Build.0 = Release|Any CPU
	EndGlobalSection
	GlobalSection(SolutionProperties) = preSolution
		HideSolutionNode = FALSE
	EndGlobalSection
	GlobalSection(ExtensibilityGlobals) = postSolution
		SolutionGuid = {D6CD4DE5-F16A-4E6B-B597-ED1A8626B207}
	EndGlobalSection
EndGlobal
